
Microsoft Visual Studio Solution File, Format Version 12.00
# Visual Studio Version 16
VisualStudioVersion = 16.0.30523.141
MinimumVisualStudioVersion = 10.0.40219.1
Project("{FAE04EC0-301F-11D3-BF4B-00C04F79EFBC}") = "OPC UA Grafische Oberfläche", "OPC UA Grafische Oberfläche\OPC UA Grafische Oberfläche.csproj", "{21C7E00C-7159-4DF5-8992-3FFAE8546439}"
EndProject
Global
	GlobalSection(SolutionConfigurationPlatforms) = preSolution
		Debug|Any CPU = Debug|Any CPU
		Release|Any CPU = Release|Any CPU
	EndGlobalSection
	GlobalSection(ProjectConfigurationPlatforms) = postSolution
		{21C7E00C-7159-4DF5-8992-3FFAE8546439}.Debug|Any CPU.ActiveCfg = Debug|Any CPU
		{21C7E00C-7159-4DF5-8992-3FFAE8546439}.Debug|Any CPU.Build.0 = Debug|Any CPU
		{21C7E00C-7159-4DF5-8992-3FFAE8546439}.Release|Any CPU.ActiveCfg = Release|Any CPU
		{21C7E00C-7159-4DF5-8992-3FFAE8546439}.Release|Any CPU.Build.0 = Release|Any CPU
	EndGlobalSection
	GlobalSection(SolutionProperties) = preSolution
		HideSolutionNode = FALSE
	EndGlobalSection
	GlobalSection(ExtensibilityGlobals) = postSolution
		SolutionGuid = {D8F628D2-CD38-4B0B-BF3E-3AA880010984}
	EndGlobalSection
EndGlobal
